
Microsoft Visual Studio Solution File, Format Version 12.00
# Visual Studio 15
VisualStudioVersion = 15.0.27130.2036
MinimumVisualStudioVersion = 10.0.40219.1
Project("{FAE04EC0-301F-11D3-BF4B-00C04F79EFBC}") = "ExampleView.Android", "ExampleView\ExampleView.Android\ExampleView.Android.csproj", "{A7FED0BB-B5A7-4D6F-AEBE-D8F355262BD9}"
EndProject
Project("{FAE04EC0-301F-11D3-BF4B-00C04F79EFBC}") = "ExampleView.iOS", "ExampleView\ExampleView.iOS\ExampleView.iOS.csproj", "{CBF3A928-37FF-4962-B859-E05B4045C993}"
EndProject
Project("{FAE04EC0-301F-11D3-BF4B-00C04F79EFBC}") = "ExampleView.UWP", "ExampleView\ExampleView.UWP\ExampleView.UWP.csproj", "{900CB084-D9B2-4208-BE6A-5780295513D3}"
EndProject
Project("{FAE04EC0-301F-11D3-BF4B-00C04F79EFBC}") = "ExampleView", "ExampleView\ExampleView\ExampleView.csproj", "{D18D77A0-EF14-439C-B91C-DF0948E10064}"
EndProject
Global
	GlobalSection(SolutionConfigurationPlatforms) = preSolution
		Ad-Hoc|Any CPU = Ad-Hoc|Any CPU
		Ad-Hoc|ARM = Ad-Hoc|ARM
		Ad-Hoc|iPhone = Ad-Hoc|iPhone
		Ad-Hoc|iPhoneSimulator = Ad-Hoc|iPhoneSimulator
		Ad-Hoc|x64 = Ad-Hoc|x64
		Ad-Hoc|x86 = Ad-Hoc|x86
		AppStore|Any CPU = AppStore|Any CPU
		AppStore|ARM = AppStore|ARM
		AppStore|iPhone = AppStore|iPhone
		AppStore|iPhoneSimulator = AppStore|iPhoneSimulator
		AppStore|x64 = AppStore|x64
		AppStore|x86 = AppStore|x86
		Debug|Any CPU = Debug|Any CPU
		Debug|ARM = Debug|ARM
		Debug|iPhone = Debug|iPhone
		Debug|iPhoneSimulator = Debug|iPhoneSimulator
		Debug|x64 = Debug|x64
		Debug|x86 = Debug|x86
		Release|Any CPU = Release|Any CPU
		Release|ARM = Release|ARM
		Release|iPhone = Release|iPhone
		Release|iPhoneSimulator = Release|iPhoneSimulator
		Release|x64 = Release|x64
		Release|x86 = Release|x86
	EndGlobalSection
	GlobalSection(ProjectConfigurationPlatforms) = postSolution
		{A7FED0BB-B5A7-4D6F-AEBE-D8F355262BD9}.Ad-Hoc|Any CPU.ActiveCfg = Release|Any CPU
		{A7FED0BB-B5A7-4D6F-AEBE-D8F355262BD9}.Ad-Hoc|Any CPU.Build.0 = Release|Any CPU
		{A7FED0BB-B5A7-4D6F-AEBE-D8F355262BD9}.Ad-Hoc|Any CPU.Deploy.0 = Release|Any CPU
		{A7FED0BB-B5A7-4D6F-AEBE-D8F355262BD9}.Ad-Hoc|ARM.ActiveCfg = Release|Any CPU
		{A7FED0BB-B5A7-4D6F-AEBE-D8F355262BD9}.Ad-Hoc|ARM.Build.0 = Release|Any CPU
		{A7FED0BB-B5A7-4D6F-AEBE-D8F355262BD9}.Ad-Hoc|ARM.Deploy.0 = Release|Any CPU
		{A7FED0BB-B5A7-4D6F-AEBE-D8F355262BD9}.Ad-Hoc|iPhone.ActiveCfg = Release|Any CPU
		{A7FED0BB-B5A7-4D6F-AEBE-D8F355262BD9}.Ad-Hoc|iPhone.Build.0 = Release|Any CPU
		{A7FED0BB-B5A7-4D6F-AEBE-D8F355262BD9}.Ad-Hoc|iPhone.Deploy.0 = Release|Any CPU
		{A7FED0BB-B5A7-4D6F-AEBE-D8F355262BD9}.Ad-Hoc|iPhoneSimulator.ActiveCfg = Release|Any CPU
		{A7FED0BB-B5A7-4D6F-AEBE-D8F355262BD9}.Ad-Hoc|iPhoneSimulator.Build.0 = Release|Any CPU
		{A7FED0BB-B5A7-4D6F-AEBE-D8F355262BD9}.Ad-Hoc|iPhoneSimulator.Deploy.0 = Release|Any CPU
		{A7FED0BB-B5A7-4D6F-AEBE-D8F355262BD9}.Ad-Hoc|x64.ActiveCfg = Release|Any CPU
		{A7FED0BB-B5A7-4D6F-AEBE-D8F355262BD9}.Ad-Hoc|x64.Build.0 = Release|Any CPU
		{A7FED0BB-B5A7-4D6F-AEBE-D8F355262BD9}.Ad-Hoc|x64.Deploy.0 = Release|Any CPU
		{A7FED0BB-B5A7-4D6F-AEBE-D8F355262BD9}.Ad-Hoc|x86.ActiveCfg = Release|Any CPU
		{A7FED0BB-B5A7-4D6F-AEBE-D8F355262BD9}.Ad-Hoc|x86.Build.0 = Release|Any CPU
		{A7FED0BB-B5A7-4D6F-AEBE-D8F355262BD9}.Ad-Hoc|x86.Deploy.0 = Release|Any CPU
		{A7FED0BB-B5A7-4D6F-AEBE-D8F355262BD9}.AppStore|Any CPU.ActiveCfg = Release|Any CPU
		{A7FED0BB-B5A7-4D6F-AEBE-D8F355262BD9}.AppStore|Any CPU.Build.0 = Release|Any CPU
		{A7FED0BB-B5A7-4D6F-AEBE-D8F355262BD9}.AppStore|Any CPU.Deploy.0 = Release|Any CPU
		{A7FED0BB-B5A7-4D6F-AEBE-D8F355262BD9}.AppStore|ARM.ActiveCfg = Release|Any CPU
		{A7FED0BB-B5A7-4D6F-AEBE-D8F355262BD9}.AppStore|ARM.Build.0 = Release|Any CPU
		{A7FED0BB-B5A7-4D6F-AEBE-D8F355262BD9}.AppStore|ARM.Deploy.0 = Release|Any CPU
		{A7FED0BB-B5A7-4D6F-AEBE-D8F355262BD9}.AppStore|iPhone.ActiveCfg = Release|Any CPU
		{A7FED0BB-B5A7-4D6F-AEBE-D8F355262BD9}.AppStore|iPhone.Build.0 = Release|Any CPU
		{A7FED0BB-B5A7-4D6F-AEBE-D8F355262BD9}.AppStore|iPhone.Deploy.0 = Release|Any CPU
		{A7FED0BB-B5A7-4D6F-AEBE-D8F355262BD9}.AppStore|iPhoneSimulator.ActiveCfg = Release|Any CPU
		{A7FED0BB-B5A7-4D6F-AEBE-D8F355262BD9}.AppStore|iPhoneSimulator.Build.0 = Release|Any CPU
		{A7FED0BB-B5A7-4D6F-AEBE-D8F355262BD9}.AppStore|iPhoneSimulator.Deploy.0 = Release|Any CPU
		{A7FED0BB-B5A7-4D6F-AEBE-D8F355262BD9}.AppStore|x64.ActiveCfg = Release|Any CPU
		{A7FED0BB-B5A7-4D6F-AEBE-D8F355262BD9}.AppStore|x64.Build.0 = Release|Any CPU
		{A7FED0BB-B5A7-4D6F-AEBE-D8F355262BD9}.AppStore|x64.Deploy.0 = Release|Any CPU
		{A7FED0BB-B5A7-4D6F-AEBE-D8F355262BD9}.AppStore|x86.ActiveCfg = Release|Any CPU
		{A7FED0BB-B5A7-4D6F-AEBE-D8F355262BD9}.AppStore|x86.Build.0 = Release|Any CPU
		{A7FED0BB-B5A7-4D6F-AEBE-D8F355262BD9}.AppStore|x86.Deploy.0 = Release|Any CPU
		{A7FED0BB-B5A7-4D6F-AEBE-D8F355262BD9}.Debug|Any CPU.ActiveCfg = Debug|Any CPU
		{A7FED0BB-B5A7-4D6F-AEBE-D8F355262BD9}.Debug|Any CPU.Build.0 = Debug|Any CPU
		{A7FED0BB-B5A7-4D6F-AEBE-D8F355262BD9}.Debug|Any CPU.Deploy.0 = Debug|Any CPU
		{A7FED0BB-B5A7-4D6F-AEBE-D8F355262BD9}.Debug|ARM.ActiveCfg = Debug|Any CPU
		{A7FED0BB-B5A7-4D6F-AEBE-D8F355262BD9}.Debug|ARM.Build.0 = Debug|Any CPU
		{A7FED0BB-B5A7-4D6F-AEBE-D8F355262BD9}.Debug|ARM.Deploy.0 = Debug|Any CPU
		{A7FED0BB-B5A7-4D6F-AEBE-D8F355262BD9}.Debug|iPhone.ActiveCfg = Debug|Any CPU
		{A7FED0BB-B5A7-4D6F-AEBE-D8F355262BD9}.Debug|iPhone.Build.0 = Debug|Any CPU
		{A7FED0BB-B5A7-4D6F-AEBE-D8F355262BD9}.Debug|iPhone.Deploy.0 = Debug|Any CPU
		{A7FED0BB-B5A7-4D6F-AEBE-D8F355262BD9}.Debug|iPhoneSimulator.ActiveCfg = Debug|Any CPU
		{A7FED0BB-B5A7-4D6F-AEBE-D8F355262BD9}.Debug|iPhoneSimulator.Build.0 = Debug|Any CPU
		{A7FED0BB-B5A7-4D6F-AEBE-D8F355262BD9}.Debug|iPhoneSimulator.Deploy.0 = Debug|Any CPU
		{A7FED0BB-B5A7-4D6F-AEBE-D8F355262BD9}.Debug|x64.ActiveCfg = Debug|Any CPU
		{A7FED0BB-B5A7-4D6F-AEBE-D8F355262BD9}.Debug|x64.Build.0 = Debug|Any CPU
		{A7FED0BB-B5A7-4D6F-AEBE-D8F355262BD9}.Debug|x64.Deploy.0 = Debug|Any CPU
		{A7FED0BB-B5A7-4D6F-AEBE-D8F355262BD9}.Debug|x86.ActiveCfg = Debug|Any CPU
		{A7FED0BB-B5A7-4D6F-AEBE-D8F355262BD9}.Debug|x86.Build.0 = Debug|Any CPU
		{A7FED0BB-B5A7-4D6F-AEBE-D8F355262BD9}.Debug|x86.Deploy.0 = Debug|Any CPU
		{A7FED0BB-B5A7-4D6F-AEBE-D8F355262BD9}.Release|Any CPU.ActiveCfg = Release|Any CPU
		{A7FED0BB-B5A7-4D6F-AEBE-D8F355262BD9}.Release|Any CPU.Build.0 = Release|Any CPU
		{A7FED0BB-B5A7-4D6F-AEBE-D8F355262BD9}.Release|Any CPU.Deploy.0 = Release|Any CPU
		{A7FED0BB-B5A7-4D6F-AEBE-D8F355262BD9}.Release|ARM.ActiveCfg = Release|Any CPU
		{A7FED0BB-B5A7-4D6F-AEBE-D8F355262BD9}.Release|ARM.Build.0 = Release|Any CPU
		{A7FED0BB-B5A7-4D6F-AEBE-D8F355262BD9}.Release|ARM.Deploy.0 = Release|Any CPU
		{A7FED0BB-B5A7-4D6F-AEBE-D8F355262BD9}.Release|iPhone.ActiveCfg = Release|Any CPU
		{A7FED0BB-B5A7-4D6F-AEBE-D8F355262BD9}.Release|iPhone.Build.0 = Release|Any CPU
		{A7FED0BB-B5A7-4D6F-AEBE-D8F355262BD9}.Release|iPhone.Deploy.0 = Release|Any CPU
		{A7FED0BB-B5A7-4D6F-AEBE-D8F355262BD9}.Release|iPhoneSimulator.ActiveCfg = Release|Any CPU
		{A7FED0BB-B5A7-4D6F-AEBE-D8F355262BD9}.Release|iPhoneSimulator.Build.0 = Release|Any CPU
		{A7FED0BB-B5A7-4D6F-AEBE-D8F355262BD9}.Release|iPhoneSimulator.Deploy.0 = Release|Any CPU
		{A7FED0BB-B5A7-4D6F-AEBE-D8F355262BD9}.Release|x64.ActiveCfg = Release|Any CPU
		{A7FED0BB-B5A7-4D6F-AEBE-D8F355262BD9}.Release|x64.Build.0 = Release|Any CPU
		{A7FED0BB-B5A7-4D6F-AEBE-D8F355262BD9}.Release|x64.Deploy.0 = Release|Any CPU
		{A7FED0BB-B5A7-4D6F-AEBE-D8F355262BD9}.Release|x86.ActiveCfg = Release|Any CPU
		{A7FED0BB-B5A7-4D6F-AEBE-D8F355262BD9}.Release|x86.Build.0 = Release|Any CPU
		{A7FED0BB-B5A7-4D6F-AEBE-D8F355262BD9}.Release|x86.Deploy.0 = Release|Any CPU
		{CBF3A928-37FF-4962-B859-E05B4045C993}.Ad-Hoc|Any CPU.ActiveCfg = Ad-Hoc|iPhone
		{CBF3A928-37FF-4962-B859-E05B4045C993}.Ad-Hoc|ARM.ActiveCfg = Ad-Hoc|iPhone
		{CBF3A928-37FF-4962-B859-E05B4045C993}.Ad-Hoc|iPhone.ActiveCfg = Ad-Hoc|iPhone
		{CBF3A928-37FF-4962-B859-E05B4045C993}.Ad-Hoc|iPhone.Build.0 = Ad-Hoc|iPhone
		{CBF3A928-37FF-4962-B859-E05B4045C993}.Ad-Hoc|iPhoneSimulator.ActiveCfg = Ad-Hoc|iPhoneSimulator
		{CBF3A928-37FF-4962-B859-E05B4045C993}.Ad-Hoc|iPhoneSimulator.Build.0 = Ad-Hoc|iPhoneSimulator
		{CBF3A928-37FF-4962-B859-E05B4045C993}.Ad-Hoc|x64.ActiveCfg = Ad-Hoc|iPhone
		{CBF3A928-37FF-4962-B859-E05B4045C993}.Ad-Hoc|x86.ActiveCfg = Ad-Hoc|iPhone
		{CBF3A928-37FF-4962-B859-E05B4045C993}.AppStore|Any CPU.ActiveCfg = AppStore|iPhone
		{CBF3A928-37FF-4962-B859-E05B4045C993}.AppStore|ARM.ActiveCfg = AppStore|iPhone
		{CBF3A928-37FF-4962-B859-E05B4045C993}.AppStore|iPhone.ActiveCfg = AppStore|iPhone
		{CBF3A928-37FF-4962-B859-E05B4045C993}.AppStore|iPhone.Build.0 = AppStore|iPhone
		{CBF3A928-37FF-4962-B859-E05B4045C993}.AppStore|iPhoneSimulator.ActiveCfg = AppStore|iPhoneSimulator
		{CBF3A928-37FF-4962-B859-E05B4045C993}.AppStore|iPhoneSimulator.Build.0 = AppStore|iPhoneSimulator
		{CBF3A928-37FF-4962-B859-E05B4045C993}.AppStore|x64.ActiveCfg = AppStore|iPhone
		{CBF3A928-37FF-4962-B859-E05B4045C993}.AppStore|x86.ActiveCfg = AppStore|iPhone
		{CBF3A928-37FF-4962-B859-E05B4045C993}.Debug|Any CPU.ActiveCfg = Debug|iPhone
		{CBF3A928-37FF-4962-B859-E05B4045C993}.Debug|ARM.ActiveCfg = Debug|iPhone
		{CBF3A928-37FF-4962-B859-E05B4045C993}.Debug|iPhone.ActiveCfg = Debug|iPhone
		{CBF3A928-37FF-4962-B859-E05B4045C993}.Debug|iPhone.Build.0 = Debug|iPhone
		{CBF3A928-37FF-4962-B859-E05B4045C993}.Debug|iPhoneSimulator.ActiveCfg = Debug|iPhoneSimulator
		{CBF3A928-37FF-4962-B859-E05B4045C993}.Debug|iPhoneSimulator.Build.0 = Debug|iPhoneSimulator
		{CBF3A928-37FF-4962-B859-E05B4045C993}.Debug|x64.ActiveCfg = Debug|iPhone
		{CBF3A928-37FF-4962-B859-E05B4045C993}.Debug|x86.ActiveCfg = Debug|iPhone
		{CBF3A928-37FF-4962-B859-E05B4045C993}.Release|Any CPU.ActiveCfg = Release|iPhone
		{CBF3A928-37FF-4962-B859-E05B4045C993}.Release|ARM.ActiveCfg = Release|iPhone
		{CBF3A928-37FF-4962-B859-E05B4045C993}.Release|iPhone.ActiveCfg = Release|iPhone
		{CBF3A928-37FF-4962-B859-E05B4045C993}.Release|iPhone.Build.0 = Release|iPhone
		{CBF3A928-37FF-4962-B859-E05B4045C993}.Release|iPhoneSimulator.ActiveCfg = Release|iPhoneSimulator
		{CBF3A928-37FF-4962-B859-E05B4045C993}.Release|iPhoneSimulator.Build.0 = Release|iPhoneSimulator
		{CBF3A928-37FF-4962-B859-E05B4045C993}.Release|x64.ActiveCfg = Release|iPhone
		{CBF3A928-37FF-4962-B859-E05B4045C993}.Release|x86.ActiveCfg = Release|iPhone
		{900CB084-D9B2-4208-BE6A-5780295513D3}.Ad-Hoc|Any CPU.ActiveCfg = Release|x86
		{900CB084-D9B2-4208-BE6A-5780295513D3}.Ad-Hoc|Any CPU.Build.0 = Release|x86
		{900CB084-D9B2-4208-BE6A-5780295513D3}.Ad-Hoc|Any CPU.Deploy.0 = Release|x86
		{900CB084-D9B2-4208-BE6A-5780295513D3}.Ad-Hoc|ARM.ActiveCfg = Release|ARM
		{900CB084-D9B2-4208-BE6A-5780295513D3}.Ad-Hoc|ARM.Build.0 = Release|ARM
		{900CB084-D9B2-4208-BE6A-5780295513D3}.Ad-Hoc|ARM.Deploy.0 = Release|ARM
		{900CB084-D9B2-4208-BE6A-5780295513D3}.Ad-Hoc|iPhone.ActiveCfg = Release|x86
		{900CB084-D9B2-4208-BE6A-5780295513D3}.Ad-Hoc|iPhone.Build.0 = Release|x86
		{900CB084-D9B2-4208-BE6A-5780295513D3}.Ad-Hoc|iPhone.Deploy.0 = Release|x86
		{900CB084-D9B2-4208-BE6A-5780295513D3}.Ad-Hoc|iPhoneSimulator.ActiveCfg = Release|x86
		{900CB084-D9B2-4208-BE6A-5780295513D3}.Ad-Hoc|iPhoneSimulator.Build.0 = Release|x86
		{900CB084-D9B2-4208-BE6A-5780295513D3}.Ad-Hoc|iPhoneSimulator.Deploy.0 = Release|x86
		{900CB084-D9B2-4208-BE6A-5780295513D3}.Ad-Hoc|x64.ActiveCfg = Release|x64
		{900CB084-D9B2-4208-BE6A-5780295513D3}.Ad-Hoc|x64.Build.0 = Release|x64
		{900CB084-D9B2-4208-BE6A-5780295513D3}.Ad-Hoc|x64.Deploy.0 = Release|x64
		{900CB084-D9B2-4208-BE6A-5780295513D3}.Ad-Hoc|x86.ActiveCfg = Release|x86
		{900CB084-D9B2-4208-BE6A-5780295513D3}.Ad-Hoc|x86.Build.0 = Release|x86
		{900CB084-D9B2-4208-BE6A-5780295513D3}.Ad-Hoc|x86.Deploy.0 = Release|x86
		{900CB084-D9B2-4208-BE6A-5780295513D3}.AppStore|Any CPU.ActiveCfg = Release|x86
		{900CB084-D9B2-4208-BE6A-5780295513D3}.AppStore|Any CPU.Build.0 = Release|x86
		{900CB084-D9B2-4208-BE6A-5780295513D3}.AppStore|Any CPU.Deploy.0 = Release|x86
		{900CB084-D9B2-4208-BE6A-5780295513D3}.AppStore|ARM.ActiveCfg = Release|ARM
		{900CB084-D9B2-4208-BE6A-5780295513D3}.AppStore|ARM.Build.0 = Release|ARM
		{900CB084-D9B2-4208-BE6A-5780295513D3}.AppStore|ARM.Deploy.0 = Release|ARM
		{900CB084-D9B2-4208-BE6A-5780295513D3}.AppStore|iPhone.ActiveCfg = Release|x86
		{900CB084-D9B2-4208-BE6A-5780295513D3}.AppStore|iPhone.Build.0 = Release|x86
		{900CB084-D9B2-4208-BE6A-5780295513D3}.AppStore|iPhone.Deploy.0 = Release|x86
		{900CB084-D9B2-4208-BE6A-5780295513D3}.AppStore|iPhoneSimulator.ActiveCfg = Release|x86
		{900CB084-D9B2-4208-BE6A-5780295513D3}.AppStore|iPhoneSimulator.Build.0 = Release|x86
		{900CB084-D9B2-4208-BE6A-5780295513D3}.AppStore|iPhoneSimulator.Deploy.0 = Release|x86
		{900CB084-D9B2-4208-BE6A-5780295513D3}.AppStore|x64.ActiveCfg = Release|x64
		{900CB084-D9B2-4208-BE6A-5780295513D3}.AppStore|x64.Build.0 = Release|x64
		{900CB084-D9B2-4208-BE6A-5780295513D3}.AppStore|x64.Deploy.0 = Release|x64
		{900CB084-D9B2-4208-BE6A-5780295513D3}.AppStore|x86.ActiveCfg = Release|x86
		{900CB084-D9B2-4208-BE6A-5780295513D3}.AppStore|x86.Build.0 = Release|x86
		{900CB084-D9B2-4208-BE6A-5780295513D3}.AppStore|x86.Deploy.0 = Release|x86
		{900CB084-D9B2-4208-BE6A-5780295513D3}.Debug|Any CPU.ActiveCfg = Debug|x86
		{900CB084-D9B2-4208-BE6A-5780295513D3}.Debug|ARM.ActiveCfg = Debug|ARM
		{900CB084-D9B2-4208-BE6A-5780295513D3}.Debug|ARM.Build.0 = Debug|ARM
		{900CB084-D9B2-4208-BE6A-5780295513D3}.Debug|ARM.Deploy.0 = Debug|ARM
		{900CB084-D9B2-4208-BE6A-5780295513D3}.Debug|iPhone.ActiveCfg = Debug|x86
		{900CB084-D9B2-4208-BE6A-5780295513D3}.Debug|iPhoneSimulator.ActiveCfg = Debug|x86
		{900CB084-D9B2-4208-BE6A-5780295513D3}.Debug|x64.ActiveCfg = Debug|x64
		{900CB084-D9B2-4208-BE6A-5780295513D3}.Debug|x64.Build.0 = Debug|x64
		{900CB084-D9B2-4208-BE6A-5780295513D3}.Debug|x64.Deploy.0 = Debug|x64
		{900CB084-D9B2-4208-BE6A-5780295513D3}.Debug|x86.ActiveCfg = Debug|x86
		{900CB084-D9B2-4208-BE6A-5780295513D3}.Debug|x86.Build.0 = Debug|x86
		{900CB084-D9B2-4208-BE6A-5780295513D3}.Debug|x86.Deploy.0 = Debug|x86
		{900CB084-D9B2-4208-BE6A-5780295513D3}.Release|Any CPU.ActiveCfg = Release|x86
		{900CB084-D9B2-4208-BE6A-5780295513D3}.Release|ARM.ActiveCfg = Release|ARM
		{900CB084-D9B2-4208-BE6A-5780295513D3}.Release|ARM.Build.0 = Release|ARM
		{900CB084-D9B2-4208-BE6A-5780295513D3}.Release|ARM.Deploy.0 = Release|ARM
		{900CB084-D9B2-4208-BE6A-5780295513D3}.Release|iPhone.ActiveCfg = Release|x86
		{900CB084-D9B2-4208-BE6A-5780295513D3}.Release|iPhoneSimulator.ActiveCfg = Release|x86
		{900CB084-D9B2-4208-BE6A-5780295513D3}.Release|x64.ActiveCfg = Release|x64
		{900CB084-D9B2-4208-BE6A-5780295513D3}.Release|x64.Build.0 = Release|x64
		{900CB084-D9B2-4208-BE6A-5780295513D3}.Release|x64.Deploy.0 = Release|x64
		{900CB084-D9B2-4208-BE6A-5780295513D3}.Release|x86.ActiveCfg = Release|x86
		{900CB084-D9B2-4208-BE6A-5780295513D3}.Release|x86.Build.0 = Release|x86
		{900CB084-D9B2-4208-BE6A-5780295513D3}.Release|x86.Deploy.0 = Release|x86
		{D18D77A0-EF14-439C-B91C-DF0948E10064}.Ad-Hoc|Any CPU.ActiveCfg = Debug|Any CPU
		{D18D77A0-EF14-439C-B91C-DF0948E10064}.Ad-Hoc|Any CPU.Build.0 = Debug|Any CPU
		{D18D77A0-EF14-439C-B91C-DF0948E10064}.Ad-Hoc|ARM.ActiveCfg = Debug|Any CPU
		{D18D77A0-EF14-439C-B91C-DF0948E10064}.Ad-Hoc|ARM.Build.0 = Debug|Any CPU
		{D18D77A0-EF14-439C-B91C-DF0948E10064}.Ad-Hoc|iPhone.ActiveCfg = Debug|Any CPU
		{D18D77A0-EF14-439C-B91C-DF0948E10064}.Ad-Hoc|iPhone.Build.0 = Debug|Any CPU
		{D18D77A0-EF14-439C-B91C-DF0948E10064}.Ad-Hoc|iPhoneSimulator.ActiveCfg = Debug|Any CPU
		{D18D77A0-EF14-439C-B91C-DF0948E10064}.Ad-Hoc|iPhoneSimulator.Build.0 = Debug|Any CPU
		{D18D77A0-EF14-439C-B91C-DF0948E10064}.Ad-Hoc|x64.ActiveCfg = Debug|Any CPU
		{D18D77A0-EF14-439C-B91C-DF0948E10064}.Ad-Hoc|x64.Build.0 = Debug|Any CPU
		{D18D77A0-EF14-439C-B91C-DF0948E10064}.Ad-Hoc|x86.ActiveCfg = Debug|Any CPU
		{D18D77A0-EF14-439C-B91C-DF0948E10064}.Ad-Hoc|x86.Build.0 = Debug|Any CPU
		{D18D77A0-EF14-439C-B91C-DF0948E10064}.AppStore|Any CPU.ActiveCfg = Debug|Any CPU
		{D18D77A0-EF14-439C-B91C-DF0948E10064}.AppStore|Any CPU.Build.0 = Debug|Any CPU
		{D18D77A0-EF14-439C-B91C-DF0948E10064}.AppStore|ARM.ActiveCfg = Debug|Any CPU
		{D18D77A0-EF14-439C-B91C-DF0948E10064}.AppStore|ARM.Build.0 = Debug|Any CPU
		{D18D77A0-EF14-439C-B91C-DF0948E10064}.AppStore|iPhone.ActiveCfg = Debug|Any CPU
		{D18D77A0-EF14-439C-B91C-DF0948E10064}.AppStore|iPhone.Build.0 = Debug|Any CPU
		{D18D77A0-EF14-439C-B91C-DF0948E10064}.AppStore|iPhoneSimulator.ActiveCfg = Debug|Any CPU
		{D18D77A0-EF14-439C-B91C-DF0948E10064}.AppStore|iPhoneSimulator.Build.0 = Debug|Any CPU
		{D18D77A0-EF14-439C-B91C-DF0948E10064}.AppStore|x64.ActiveCfg = Debug|Any CPU
		{D18D77A0-EF14-439C-B91C-DF0948E10064}.AppStore|x64.Build.0 = Debug|Any CPU
		{D18D77A0-EF14-439C-B91C-DF0948E10064}.AppStore|x86.ActiveCfg = Debug|Any CPU
		{D18D77A0-EF14-439C-B91C-DF0948E10064}.AppStore|x86.Build.0 = Debug|Any CPU
		{D18D77A0-EF14-439C-B91C-DF0948E10064}.Debug|Any CPU.ActiveCfg = Debug|Any CPU
		{D18D77A0-EF14-439C-B91C-DF0948E10064}.Debug|Any CPU.Build.0 = Debug|Any CPU
		{D18D77A0-EF14-439C-B91C-DF0948E10064}.Debug|ARM.ActiveCfg = Debug|Any CPU
		{D18D77A0-EF14-439C-B91C-DF0948E10064}.Debug|ARM.Build.0 = Debug|Any CPU
		{D18D77A0-EF14-439C-B91C-DF0948E10064}.Debug|iPhone.ActiveCfg = Debug|Any CPU
		{D18D77A0-EF14-439C-B91C-DF0948E10064}.Debug|iPhone.Build.0 = Debug|Any CPU
		{D18D77A0-EF14-439C-B91C-DF0948E10064}.Debug|iPhoneSimulator.ActiveCfg = Debug|Any CPU
		{D18D77A0-EF14-439C-B91C-DF0948E10064}.Debug|iPhoneSimulator.Build.0 = Debug|Any CPU
		{D18D77A0-EF14-439C-B91C-DF0948E10064}.Debug|x64.ActiveCfg = Debug|Any CPU
		{D18D77A0-EF14-439C-B91C-DF0948E10064}.Debug|x64.Build.0 = Debug|Any CPU
		{D18D77A0-EF14-439C-B91C-DF0948E10064}.Debug|x86.ActiveCfg = Debug|Any CPU
		{D18D77A0-EF14-439C-B91C-DF0948E10064}.Debug|x86.Build.0 = Debug|Any CPU
		{D18D77A0-EF14-439C-B91C-DF0948E10064}.Release|Any CPU.ActiveCfg = Release|Any CPU
		{D18D77A0-EF14-439C-B91C-DF0948E10064}.Release|Any CPU.Build.0 = Release|Any CPU
		{D18D77A0-EF14-439C-B91C-DF0948E10064}.Release|ARM.ActiveCfg = Release|Any CPU
		{D18D77A0-EF14-439C-B91C-DF0948E10064}.Release|ARM.Build.0 = Release|Any CPU
		{D18D77A0-EF14-439C-B91C-DF0948E10064}.Release|iPhone.ActiveCfg = Release|Any CPU
		{D18D77A0-EF14-439C-B91C-DF0948E10064}.Release|iPhone.Build.0 = Release|Any CPU
		{D18D77A0-EF14-439C-B91C-DF0948E10064}.Release|iPhoneSimulator.ActiveCfg = Release|Any CPU
		{D18D77A0-EF14-439C-B91C-DF0948E10064}.Release|iPhoneSimulator.Build.0 = Release|Any CPU
		{D18D77A0-EF14-439C-B91C-DF0948E10064}.Release|x64.ActiveCfg = Release|Any CPU
		{D18D77A0-EF14-439C-B91C-DF0948E10064}.Release|x64.Build.0 = Release|Any CPU
		{D18D77A0-EF14-439C-B91C-DF0948E10064}.Release|x86.ActiveCfg = Release|Any CPU
		{D18D77A0-EF14-439C-B91C-DF0948E10064}.Release|x86.Build.0 = Release|Any CPU
	EndGlobalSection
	GlobalSection(SolutionProperties) = preSolution
		HideSolutionNode = FALSE
	EndGlobalSection
	GlobalSection(ExtensibilityGlobals) = postSolution
		SolutionGuid = {72BDCBA8-4C46-49B9-A38C-3B4D17ADE070}
	EndGlobalSection
EndGlobal
